
Microsoft Visual Studio Solution File, Format Version 12.00
# Visual Studio Version 17
VisualStudioVersion = 17.9.34728.123
MinimumVisualStudioVersion = 10.0.40219.1
Project("{FAE04EC0-301F-11D3-BF4B-00C04F79EFBC}") = "DailyScheduleApp", "DailyScheduleApp.csproj", "{20D6BD9C-2E97-4111-BC41-D05475C202BB}"
EndProject
Project("{FAE04EC0-301F-11D3-BF4B-00C04F79EFBC}") = "Test", "..\Test\Test.csproj", "{9AD760C2-9549-4B2C-906F-9938DEBAF7CA}"
EndProject
Global
	GlobalSection(SolutionConfigurationPlatforms) = preSolution
		Debug|Any CPU = Debug|Any CPU
		Release|Any CPU = Release|Any CPU
	EndGlobalSection
	GlobalSection(ProjectConfigurationPlatforms) = postSolution
		{20D6BD9C-2E97-4111-BC41-D05475C202BB}.Debug|Any CPU.ActiveCfg = Debug|Any CPU
		{20D6BD9C-2E97-4111-BC41-D05475C202BB}.Debug|Any CPU.Build.0 = Debug|Any CPU
		{20D6BD9C-2E97-4111-BC41-D05475C202BB}.Release|Any CPU.ActiveCfg = Release|Any CPU
		{20D6BD9C-2E97-4111-BC41-D05475C202BB}.Release|Any CPU.Build.0 = Release|Any CPU
		{9AD760C2-9549-4B2C-906F-9938DEBAF7CA}.Debug|Any CPU.ActiveCfg = Debug|Any CPU
		{9AD760C2-9549-4B2C-906F-9938DEBAF7CA}.Debug|Any CPU.Build.0 = Debug|Any CPU
		{9AD760C2-9549-4B2C-906F-9938DEBAF7CA}.Release|Any CPU.ActiveCfg = Release|Any CPU
		{9AD760C2-9549-4B2C-906F-9938DEBAF7CA}.Release|Any CPU.Build.0 = Release|Any CPU
	EndGlobalSection
	GlobalSection(SolutionProperties) = preSolution
		HideSolutionNode = FALSE
	EndGlobalSection
	GlobalSection(ExtensibilityGlobals) = postSolution
		SolutionGuid = {7EBDA109-A210-4AE7-9AB9-1C3105217EE3}
	EndGlobalSection
EndGlobal
